
Microsoft Visual Studio Solution File, Format Version 12.00
# Visual Studio Version 17
VisualStudioVersion = 17.14.36623.8 d17.14
MinimumVisualStudioVersion = 10.0.40219.1
Project("{FAE04EC0-301F-11D3-BF4B-00C04F79EFBC}") = "COMP702-WindTurbine", "COMP702-WindTurbine\COMP702-WindTurbine.csproj", "{BD40C9D1-B4A5-4AFB-8D4C-3B27C1E525A3}"
EndProject
Global
	GlobalSection(SolutionConfigurationPlatforms) = preSolution
		Debug|Any CPU = Debug|Any CPU
		Release|Any CPU = Release|Any CPU
	EndGlobalSection
	GlobalSection(ProjectConfigurationPlatforms) = postSolution
		{BD40C9D1-B4A5-4AFB-8D4C-3B27C1E525A3}.Debug|Any CPU.ActiveCfg = Debug|Any CPU
		{BD40C9D1-B4A5-4AFB-8D4C-3B27C1E525A3}.Debug|Any CPU.Build.0 = Debug|Any CPU
		{BD40C9D1-B4A5-4AFB-8D4C-3B27C1E525A3}.Release|Any CPU.ActiveCfg = Release|Any CPU
		{BD40C9D1-B4A5-4AFB-8D4C-3B27C1E525A3}.Release|Any CPU.Build.0 = Release|Any CPU
	EndGlobalSection
	GlobalSection(SolutionProperties) = preSolution
		HideSolutionNode = FALSE
	EndGlobalSection
	GlobalSection(ExtensibilityGlobals) = postSolution
		SolutionGuid = {E582C9E5-5D3D-45A4-9815-41CF9CA33F3C}
	EndGlobalSection
EndGlobal
